
Microsoft Visual Studio Solution File, Format Version 12.00
# Visual Studio Version 17
VisualStudioVersion = 17.11.35327.3
MinimumVisualStudioVersion = 10.0.40219.1
Project("{9A19103F-16F7-4668-BE54-9A1E7A4F7556}") = "EFM", "EFM.csproj", "{76DD926C-A40D-4949-B16E-1B66E2917460}"
EndProject
Project("{FAE04EC0-301F-11D3-BF4B-00C04F79EFBC}") = "EFM.DataAccess", "..\EFM.DataAccess\EFM.DataAccess.csproj", "{8A063D33-5173-4571-9DCF-110B36F35753}"
EndProject
Global
	GlobalSection(SolutionConfigurationPlatforms) = preSolution
		Debug|Any CPU = Debug|Any CPU
		Release|Any CPU = Release|Any CPU
	EndGlobalSection
	GlobalSection(ProjectConfigurationPlatforms) = postSolution
		{76DD926C-A40D-4949-B16E-1B66E2917460}.Debug|Any CPU.ActiveCfg = Debug|Any CPU
		{76DD926C-A40D-4949-B16E-1B66E2917460}.Debug|Any CPU.Build.0 = Debug|Any CPU
		{76DD926C-A40D-4949-B16E-1B66E2917460}.Release|Any CPU.ActiveCfg = Release|Any CPU
		{76DD926C-A40D-4949-B16E-1B66E2917460}.Release|Any CPU.Build.0 = Release|Any CPU
		{8A063D33-5173-4571-9DCF-110B36F35753}.Debug|Any CPU.ActiveCfg = Debug|Any CPU
		{8A063D33-5173-4571-9DCF-110B36F35753}.Debug|Any CPU.Build.0 = Debug|Any CPU
		{8A063D33-5173-4571-9DCF-110B36F35753}.Release|Any CPU.ActiveCfg = Release|Any CPU
		{8A063D33-5173-4571-9DCF-110B36F35753}.Release|Any CPU.Build.0 = Release|Any CPU
	EndGlobalSection
	GlobalSection(SolutionProperties) = preSolution
		HideSolutionNode = FALSE
	EndGlobalSection
	GlobalSection(ExtensibilityGlobals) = postSolution
		SolutionGuid = {8E8A1415-2264-4AEB-8BC7-F45C81B5E9FA}
	EndGlobalSection
EndGlobal
